<?xml version="1.0" encoding="utf-8"?>
<Project ToolsVersion="4.0" xmlns="http://schemas.microsoft.com/developer/msbuild/2003">
  <ItemGroup>
    <Filter Include="Source Files">
      <UniqueIdentifier>{8c6c8084-212c-4302-bfb1-710f98229fc6}</UniqueIdentifier>
      <Extensions>cpp;c;cxx;rc;def;r;odl;idl;hpj;bat</Extensions>
    </Filter>
    <Filter Include="Header Files">
      <UniqueIdentifier>{3c8e968c-babf-4d7c-b802-6c0d213b3c10}</UniqueIdentifier>
      <Extensions>h;hpp;hxx;hm;inl</Extensions>
    </Filter>
    <Filter Include="Resource Files">
      <UniqueIdentifier>{bc510648-4b6e-4867-9142-99f2661cd7a7}</UniqueIdentifier>
      <Extensions>ico;cur;bmp;dlg;rc2;rct;bin;rgs;gif;jpg;jpeg;jpe</Extensions>
    </Filter>
  </ItemGroup>
  <ItemGroup>
    <ClCompile Include="FeiQ.cpp">
      <Filter>Source Files</Filter>
    </ClCompile>
    <ClCompile Include="FileClient.cpp">
      <Filter>Source Files</Filter>
    </ClCompile>
    <ClCompile Include="FileRecvDlg.cpp">
      <Filter>Source Files</Filter>
    </ClCompile>
    <ClCompile Include="FileSendDlg.cpp">
      <Filter>Source Files</Filter>
    </ClCompile>
    <ClCompile Include="FileServer.cpp">
      <Filter>Source Files</Filter>
    </ClCompile>
    <ClCompile Include="FileThread.cpp">
      <Filter>Source Files</Filter>
    </ClCompile>
    <ClCompile Include="MainFrm.cpp">
      <Filter>Source Files</Filter>
    </ClCompile>
    <ClCompile Include="StdAfx.cpp">
      <Filter>Source Files</Filter>
    </ClCompile>
    <ClCompile Include="UserClient.cpp">
      <Filter>Source Files</Filter>
    </ClCompile>
    <ClCompile Include="UserServer.cpp">
      <Filter>Source Files</Filter>
    </ClCompile>
    <ClCompile Include="UserView.cpp">
      <Filter>Source Files</Filter>
    </ClCompile>
    <ClCompile Include="ChatView.cpp">
      <Filter>Source Files</Filter>
    </ClCompile>
  </ItemGroup>
  <ItemGroup>
    <ResourceCompile Include="FeiQ.rc">
      <Filter>Source Files</Filter>
    </ResourceCompile>
  </ItemGroup>
  <ItemGroup>
    <ClInclude Include="def.h">
      <Filter>Header Files</Filter>
    </ClInclude>
    <ClInclude Include="FeiQ.h">
      <Filter>Header Files</Filter>
    </ClInclude>
    <ClInclude Include="FileClient.h">
      <Filter>Header Files</Filter>
    </ClInclude>
    <ClInclude Include="FileRecvDlg.h">
      <Filter>Header Files</Filter>
    </ClInclude>
    <ClInclude Include="FileSendDlg.h">
      <Filter>Header Files</Filter>
    </ClInclude>
    <ClInclude Include="FileServer.h">
      <Filter>Header Files</Filter>
    </ClInclude>
    <ClInclude Include="FileThread.h">
      <Filter>Header Files</Filter>
    </ClInclude>
    <ClInclude Include="MainFrm.h">
      <Filter>Header Files</Filter>
    </ClInclude>
    <ClInclude Include="Resource.h">
      <Filter>Header Files</Filter>
    </ClInclude>
    <ClInclude Include="StdAfx.h">
      <Filter>Header Files</Filter>
    </ClInclude>
    <ClInclude Include="UserClient.h">
      <Filter>Header Files</Filter>
    </ClInclude>
    <ClInclude Include="UserServer.h">
      <Filter>Header Files</Filter>
    </ClInclude>
    <ClInclude Include="UserView.h">
      <Filter>Header Files</Filter>
    </ClInclude>
    <ClInclude Include="ChatView.h">
      <Filter>Header Files</Filter>
    </ClInclude>
  </ItemGroup>
  <ItemGroup>
    <Image Include="res\FeiQ.ico">
      <Filter>Resource Files</Filter>
    </Image>
    <Image Include="res\myicon.ico">
      <Filter>Resource Files</Filter>
    </Image>
  </ItemGroup>
  <ItemGroup>
    <Text Include="ReadMe.txt" />
  </ItemGroup>
  <ItemGroup>
    <CustomBuild Include="res\FeiQ.rc2">
      <Filter>Resource Files</Filter>
    </CustomBuild>
  </ItemGroup>
</Project>